
Microsoft Visual Studio Solution File, Format Version 12.00
# Visual Studio 15
VisualStudioVersion = 15.0.27703.2000
MinimumVisualStudioVersion = 10.0.40219.1
Project("{FAE04EC0-301F-11D3-BF4B-00C04F79EFBC}") = "LTZN", "LTZN\LTZN.csproj", "{B346E84F-DA94-4D08-B258-19C652EFB9E2}"
EndProject
Project("{54435603-DBB4-11D2-8724-00A0C9A8B90C}") = "ltznSetup5", "ltznSetup5\ltznSetup5.vdproj", "{71C6884E-BB13-4690-B58F-3FE1A2D42507}"
EndProject
Global
	GlobalSection(SolutionConfigurationPlatforms) = preSolution
		Debug|Any CPU = Debug|Any CPU
		Release|Any CPU = Release|Any CPU
	EndGlobalSection
	GlobalSection(ProjectConfigurationPlatforms) = postSolution
		{B346E84F-DA94-4D08-B258-19C652EFB9E2}.Debug|Any CPU.ActiveCfg = Debug|Any CPU
		{B346E84F-DA94-4D08-B258-19C652EFB9E2}.Debug|Any CPU.Build.0 = Debug|Any CPU
		{B346E84F-DA94-4D08-B258-19C652EFB9E2}.Release|Any CPU.ActiveCfg = Release|Any CPU
		{B346E84F-DA94-4D08-B258-19C652EFB9E2}.Release|Any CPU.Build.0 = Release|Any CPU
		{71C6884E-BB13-4690-B58F-3FE1A2D42507}.Debug|Any CPU.ActiveCfg = Debug
		{71C6884E-BB13-4690-B58F-3FE1A2D42507}.Release|Any CPU.ActiveCfg = Release
	EndGlobalSection
	GlobalSection(SolutionProperties) = preSolution
		HideSolutionNode = FALSE
	EndGlobalSection
	GlobalSection(ExtensibilityGlobals) = postSolution
		SolutionGuid = {60DF999C-0F67-4426-B1DA-80A13468096E}
	EndGlobalSection
EndGlobal
